
Microsoft Visual Studio Solution File, Format Version 12.00
# Visual Studio Version 17
VisualStudioVersion = 17.7.34202.233
MinimumVisualStudioVersion = 10.0.40219.1
Project("{8BC9CEB8-8B4A-11D0-8D11-00A0C91BC942}") = "task 6", "task 6\task 6.vcxproj", "{D5AF13CE-3ED8-46C6-B9AB-9C750ED53BBA}"
EndProject
Global
	GlobalSection(SolutionConfigurationPlatforms) = preSolution
		Debug|x64 = Debug|x64
		Debug|x86 = Debug|x86
		Release|x64 = Release|x64
		Release|x86 = Release|x86
	EndGlobalSection
	GlobalSection(ProjectConfigurationPlatforms) = postSolution
		{D5AF13CE-3ED8-46C6-B9AB-9C750ED53BBA}.Debug|x64.ActiveCfg = Debug|x64
		{D5AF13CE-3ED8-46C6-B9AB-9C750ED53BBA}.Debug|x64.Build.0 = Debug|x64
		{D5AF13CE-3ED8-46C6-B9AB-9C750ED53BBA}.Debug|x86.ActiveCfg = Debug|Win32
		{D5AF13CE-3ED8-46C6-B9AB-9C750ED53BBA}.Debug|x86.Build.0 = Debug|Win32
		{D5AF13CE-3ED8-46C6-B9AB-9C750ED53BBA}.Release|x64.ActiveCfg = Release|x64
		{D5AF13CE-3ED8-46C6-B9AB-9C750ED53BBA}.Release|x64.Build.0 = Release|x64
		{D5AF13CE-3ED8-46C6-B9AB-9C750ED53BBA}.Release|x86.ActiveCfg = Release|Win32
		{D5AF13CE-3ED8-46C6-B9AB-9C750ED53BBA}.Release|x86.Build.0 = Release|Win32
	EndGlobalSection
	GlobalSection(SolutionProperties) = preSolution
		HideSolutionNode = FALSE
	EndGlobalSection
	GlobalSection(ExtensibilityGlobals) = postSolution
		SolutionGuid = {72A82EFD-81EC-4B63-B77D-AB7A64B7C122}
	EndGlobalSection
EndGlobal
